// !$*UTF8*$!
{
	archiveVersion = 1;
	classes = {
	};
	objectVersion = 46;
	objects = {

/* Begin PBXBuildFile section */
		54FD2546E4C1A79C246D6B2F /* libPods-Tobae.a in Frameworks */ = {isa = PBXBuildFile; fileRef = 032CC5B9B170F729A05D9DCD /* libPods-Tobae.a */; };
		DB9EDCC81BAE254300D01746 /* View.png in Resources */ = {isa = PBXBuildFile; fileRef = DB9EDCC71BAE254300D01746 /* View.png */; settings = {ASSET_TAGS = (); }; };
		DB9EDCD61BAE500600D01746 /* Back.png in Resources */ = {isa = PBXBuildFile; fileRef = DB9EDCD21BAE500600D01746 /* Back.png */; settings = {ASSET_TAGS = (); }; };
		DB9EDCD71BAE500600D01746 /* Profile.png in Resources */ = {isa = PBXBuildFile; fileRef = DB9EDCD31BAE500600D01746 /* Profile.png */; settings = {ASSET_TAGS = (); }; };
		DB9EDCD81BAE500600D01746 /* Search.png in Resources */ = {isa = PBXBuildFile; fileRef = DB9EDCD41BAE500600D01746 /* Search.png */; settings = {ASSET_TAGS = (); }; };
		DB9EDCD91BAE500600D01746 /* Setting.png in Resources */ = {isa = PBXBuildFile; fileRef = DB9EDCD51BAE500600D01746 /* Setting.png */; settings = {ASSET_TAGS = (); }; };
		DB9EDCDB1BAE536B00D01746 /* 3Dscan楓PC_square.tif in Resources */ = {isa = PBXBuildFile; fileRef = DB9EDCDA1BAE536B00D01746 /* 3Dscan楓PC_square.tif */; settings = {ASSET_TAGS = (); }; };
		DB9EDCDE1BAE575500D01746 /* Favorite_Add.png in Resources */ = {isa = PBXBuildFile; fileRef = DB9EDCDC1BAE575500D01746 /* Favorite_Add.png */; settings = {ASSET_TAGS = (); }; };
		DB9EDCDF1BAE575500D01746 /* Favorite_Cancel.png in Resources */ = {isa = PBXBuildFile; fileRef = DB9EDCDD1BAE575500D01746 /* Favorite_Cancel.png */; settings = {ASSET_TAGS = (); }; };
		DBA71AF61B914E14001926A5 /* Cell.xib in Resources */ = {isa = PBXBuildFile; fileRef = DBA71AF51B914E14001926A5 /* Cell.xib */; };
		DBA71AF91B914E9F001926A5 /* Cell.m in Sources */ = {isa = PBXBuildFile; fileRef = DBA71AF81B914E9F001926A5 /* Cell.m */; };
		DBCAA9251B817032003E70EE /* main.m in Sources */ = {isa = PBXBuildFile; fileRef = DBCAA9241B817032003E70EE /* main.m */; };
		DBCAA9281B817032003E70EE /* AppDelegate.m in Sources */ = {isa = PBXBuildFile; fileRef = DBCAA9271B817032003E70EE /* AppDelegate.m */; };
		DBCAA92B1B817032003E70EE /* Tobae.xcdatamodeld in Sources */ = {isa = PBXBuildFile; fileRef = DBCAA9291B817032003E70EE /* Tobae.xcdatamodeld */; };
		DBCAA92E1B817032003E70EE /* ViewController.m in Sources */ = {isa = PBXBuildFile; fileRef = DBCAA92D1B817032003E70EE /* ViewController.m */; };
		DBCAA9311B817032003E70EE /* Main.storyboard in Resources */ = {isa = PBXBuildFile; fileRef = DBCAA92F1B817032003E70EE /* Main.storyboard */; };
		DBCAA9331B817032003E70EE /* Images.xcassets in Resources */ = {isa = PBXBuildFile; fileRef = DBCAA9321B817032003E70EE /* Images.xcassets */; };
		DBCAA9361B817032003E70EE /* LaunchScreen.xib in Resources */ = {isa = PBXBuildFile; fileRef = DBCAA9341B817032003E70EE /* LaunchScreen.xib */; };
		DBCAA9421B817032003E70EE /* TobaeTests.m in Sources */ = {isa = PBXBuildFile; fileRef = DBCAA9411B817032003E70EE /* TobaeTests.m */; };
		DBCAA94C1B81704B003E70EE /* CoreGraphics.framework in Frameworks */ = {isa = PBXBuildFile; fileRef = DBCAA94B1B81704B003E70EE /* CoreGraphics.framework */; };
		DBCAA94E1B817053003E70EE /* UIKit.framework in Frameworks */ = {isa = PBXBuildFile; fileRef = DBCAA94D1B817053003E70EE /* UIKit.framework */; };
		DBCAA9501B81705B003E70EE /* Foundation.framework in Frameworks */ = {isa = PBXBuildFile; fileRef = DBCAA94F1B81705B003E70EE /* Foundation.framework */; };
		DBCAAAD51B8170C1003E70EE /* VerticalTableViewCell.m in Sources */ = {isa = PBXBuildFile; fileRef = DBCAAAD41B8170C1003E70EE /* VerticalTableViewCell.m */; };
		DBCAABC81B820B9A003E70EE /* tobae_daruma_character.jpg in Resources */ = {isa = PBXBuildFile; fileRef = DBCAAAF51B820B9A003E70EE /* tobae_daruma_character.jpg */; };
		DBCAABC91B820B9A003E70EE /* tobae_daruma_direction.png in Resources */ = {isa = PBXBuildFile; fileRef = DBCAAAF61B820B9A003E70EE /* tobae_daruma_direction.png */; };
		DBCAABCA1B820B9A003E70EE /* tobae_daruma_drawing.png in Resources */ = {isa = PBXBuildFile; fileRef = DBCAAAF71B820B9A003E70EE /* tobae_daruma_drawing.png */; };
		DBCAABCB1B820B9A003E70EE /* tobae_daruma_etc.png in Resources */ = {isa = PBXBuildFile; fileRef = DBCAAAF81B820B9A003E70EE /* tobae_daruma_etc.png */; };
		DBCAABCC1B820B9A003E70EE /* tobae_daruma_figure.png in Resources */ = {isa = PBXBuildFile; fileRef = DBCAAAF91B820B9A003E70EE /* tobae_daruma_figure.png */; };
		DBCAABCD1B820B9A003E70EE /* tobae_daruma_live.png in Resources */ = {isa = PBXBuildFile; fileRef = DBCAAAFA1B820B9A003E70EE /* tobae_daruma_live.png */; };
		DBCAABCE1B820B9A003E70EE /* tobae_daruma_main.png in Resources */ = {isa = PBXBuildFile; fileRef = DBCAAAFB1B820B9A003E70EE /* tobae_daruma_main.png */; };
		DBCAABCF1B820B9A003E70EE /* tobae_daruma_overseas.png in Resources */ = {isa = PBXBuildFile; fileRef = DBCAAAFC1B820B9A003E70EE /* tobae_daruma_overseas.png */; };
		DBCAABD01B820B9A003E70EE /* tobae_daruma_produce.png in Resources */ = {isa = PBXBuildFile; fileRef = DBCAAAFD1B820B9A003E70EE /* tobae_daruma_produce.png */; };
		DBCAABD11B820B9A003E70EE /* tobae_daruma_sound.png in Resources */ = {isa = PBXBuildFile; fileRef = DBCAAAFE1B820B9A003E70EE /* tobae_daruma_sound.png */; };
		DBCAABD21B820B9A003E70EE /* tobae_daruma_technology.png in Resources */ = {isa = PBXBuildFile; fileRef = DBCAAAFF1B820B9A003E70EE /* tobae_daruma_technology.png */; };
		DBCAABD31B820B9A003E70EE /* tobae_daruma_voice.png in Resources */ = {isa = PBXBuildFile; fileRef = DBCAAB001B820B9A003E70EE /* tobae_daruma_voice.png */; };
		DBCAABD41B820B9A003E70EE /* Africa.png in Resources */ = {isa = PBXBuildFile; fileRef = DBCAAB021B820B9A003E70EE /* Africa.png */; };
		DBCAABD51B820B9A003E70EE /* Africa_20pixel.png in Resources */ = {isa = PBXBuildFile; fileRef = DBCAAB031B820B9A003E70EE /* Africa_20pixel.png */; };
		DBCAABD61B820B9A003E70EE /* Africa_25pixel.png in Resources */ = {isa = PBXBuildFile; fileRef = DBCAAB041B820B9A003E70EE /* Africa_25pixel.png */; };
		DBCAABD71B820B9A003E70EE /* Africa_30pixel.png in Resources */ = {isa = PBXBuildFile; fileRef = DBCAAB051B820B9A003E70EE /* Africa_30pixel.png */; };
		DBCAABD81B820B9A003E70EE /* Africa_text_25pixel.png in Resources */ = {isa = PBXBuildFile; fileRef = DBCAAB061B820B9A003E70EE /* Africa_text_25pixel.png */; };
		DBCAABD91B820B9A003E70EE /* Asia.png in Resources */ = {isa = PBXBuildFile; fileRef = DBCAAB071B820B9A003E70EE /* Asia.png */; };
		DBCAABDA1B820B9A003E70EE /* Asia_20pixel.png in Resources */ = {isa = PBXBuildFile; fileRef = DBCAAB081B820B9A003E70EE /* Asia_20pixel.png */; };
		DBCAABDB1B820B9A003E70EE /* Asia_25pixel.png in Resources */ = {isa = PBXBuildFile; fileRef = DBCAAB091B820B9A003E70EE /* Asia_25pixel.png */; };
		DBCAABDC1B820B9A003E70EE /* Asia_30pixel.png in Resources */ = {isa = PBXBuildFile; fileRef = DBCAAB0A1B820B9A003E70EE /* Asia_30pixel.png */; };
		DBCAABDD1B820B9A003E70EE /* Asia_text_25pixel.png in Resources */ = {isa = PBXBuildFile; fileRef = DBCAAB0B1B820B9A003E70EE /* Asia_text_25pixel.png */; };
		DBCAABDE1B820B9A003E70EE /* Europe.png in Resources */ = {isa = PBXBuildFile; fileRef = DBCAAB0C1B820B9A003E70EE /* Europe.png */; };
		DBCAABDF1B820B9A003E70EE /* Europe_20pixel.png in Resources */ = {isa = PBXBuildFile; fileRef = DBCAAB0D1B820B9A003E70EE /* Europe_20pixel.png */; };
		DBCAABE01B820B9A003E70EE /* Europe_25pixel.png in Resources */ = {isa = PBXBuildFile; fileRef = DBCAAB0E1B820B9A003E70EE /* Europe_25pixel.png */; };
		DBCAABE11B820B9A003E70EE /* Europe_30pixel.png in Resources */ = {isa = PBXBuildFile; fileRef = DBCAAB0F1B820B9A003E70EE /* Europe_30pixel.png */; };
		DBCAABE21B820B9A003E70EE /* Europe_text_25pixel.png in Resources */ = {isa = PBXBuildFile; fileRef = DBCAAB101B820B9A003E70EE /* Europe_text_25pixel.png */; };
		DBCAABE31B820B9A003E70EE /* NIS.png in Resources */ = {isa = PBXBuildFile; fileRef = DBCAAB111B820B9A003E70EE /* NIS.png */; };
		DBCAABE41B820B9A003E70EE /* NIS_20pixel.png in Resources */ = {isa = PBXBuildFile; fileRef = DBCAAB121B820B9A003E70EE /* NIS_20pixel.png */; };
		DBCAABE51B820B9A003E70EE /* NIS_25pixel.png in Resources */ = {isa = PBXBuildFile; fileRef = DBCAAB131B820B9A003E70EE /* NIS_25pixel.png */; };
		DBCAABE61B820B9A003E70EE /* NIS_30pixel.png in Resources */ = {isa = PBXBuildFile; fileRef = DBCAAB141B820B9A003E70EE /* NIS_30pixel.png */; };
		DBCAABE71B820B9A003E70EE /* NIS_text_25pixel.png in Resources */ = {isa = PBXBuildFile; fileRef = DBCAAB151B820B9A003E70EE /* NIS_text_25pixel.png */; };
		DBCAABE81B820B9A003E70EE /* NorthAmerica.png in Resources */ = {isa = PBXBuildFile; fileRef = DBCAAB161B820B9A003E70EE /* NorthAmerica.png */; };
		DBCAABE91B820B9A003E70EE /* NorthAmerica_20pixel.png in Resources */ = {isa = PBXBuildFile; fileRef = DBCAAB171B820B9A003E70EE /* NorthAmerica_20pixel.png */; };
		DBCAABEA1B820B9A003E70EE /* NorthAmerica_25pixel.png in Resources */ = {isa = PBXBuildFile; fileRef = DBCAAB181B820B9A003E70EE /* NorthAmerica_25pixel.png */; };
		DBCAABEB1B820B9A003E70EE /* NorthAmerica_30pixel.png in Resources */ = {isa = PBXBuildFile; fileRef = DBCAAB191B820B9A003E70EE /* NorthAmerica_30pixel.png */; };
		DBCAABEC1B820B9A003E70EE /* NorthAmerica_text_25pixel.png in Resources */ = {isa = PBXBuildFile; fileRef = DBCAAB1A1B820B9A003E70EE /* NorthAmerica_text_25pixel.png */; };
		DBCAABED1B820B9A003E70EE /* Oceania.png in Resources */ = {isa = PBXBuildFile; fileRef = DBCAAB1B1B820B9A003E70EE /* Oceania.png */; };
		DBCAABEE1B820B9A003E70EE /* Oceania_20pixel.png in Resources */ = {isa = PBXBuildFile; fileRef = DBCAAB1C1B820B9A003E70EE /* Oceania_20pixel.png */; };
		DBCAABEF1B820B9A003E70EE /* Oceania_25pixel.png in Resources */ = {isa = PBXBuildFile; fileRef = DBCAAB1D1B820B9A003E70EE /* Oceania_25pixel.png */; };
		DBCAABF01B820B9A003E70EE /* Oceania_30pixel.png in Resources */ = {isa = PBXBuildFile; fileRef = DBCAAB1E1B820B9A003E70EE /* Oceania_30pixel.png */; };
		DBCAABF11B820B9A003E70EE /* Oceania_text_25pixel.png in Resources */ = {isa = PBXBuildFile; fileRef = DBCAAB1F1B820B9A003E70EE /* Oceania_text_25pixel.png */; };
		DBCAABF21B820B9A003E70EE /* SouthAmerica.png in Resources */ = {isa = PBXBuildFile; fileRef = DBCAAB201B820B9A003E70EE /* SouthAmerica.png */; };
		DBCAABF31B820B9A003E70EE /* SouthAmerica_20pixel.png in Resources */ = {isa = PBXBuildFile; fileRef = DBCAAB211B820B9A003E70EE /* SouthAmerica_20pixel.png */; };
		DBCAABF41B820B9A003E70EE /* SouthAmerica_25pixel.png in Resources */ = {isa = PBXBuildFile; fileRef = DBCAAB221B820B9A003E70EE /* SouthAmerica_25pixel.png */; };
		DBCAABF51B820B9A003E70EE /* SouthAmerica_30pixel.png in Resources */ = {isa = PBXBuildFile; fileRef = DBCAAB231B820B9A003E70EE /* SouthAmerica_30pixel.png */; };
		DBCAABF61B820B9A003E70EE /* SouthAmerica_text_25pixel.png in Resources */ = {isa = PBXBuildFile; fileRef = DBCAAB241B820B9A003E70EE /* SouthAmerica_text_25pixel.png */; };
		DBCAABF71B820B9A003E70EE /* World.png in Resources */ = {isa = PBXBuildFile; fileRef = DBCAAB251B820B9A003E70EE /* World.png */; };
		DBCAABF81B820B9A003E70EE /* World_43pixel.png in Resources */ = {isa = PBXBuildFile; fileRef = DBCAAB261B820B9A003E70EE /* World_43pixel.png */; };
		DBCAABF91B820B9A003E70EE /* 01.png in Resources */ = {isa = PBXBuildFile; fileRef = DBCAAB281B820B9A003E70EE /* 01.png */; };
		DBCAABFA1B820B9A003E70EE /* 02.png in Resources */ = {isa = PBXBuildFile; fileRef = DBCAAB291B820B9A003E70EE /* 02.png */; };
		DBCAABFB1B820B9A003E70EE /* 03.png in Resources */ = {isa = PBXBuildFile; fileRef = DBCAAB2A1B820B9A003E70EE /* 03.png */; };
		DBCAABFC1B820B9A003E70EE /* 04.png in Resources */ = {isa = PBXBuildFile; fileRef = DBCAAB2B1B820B9A003E70EE /* 04.png */; };
		DBCAABFD1B820B9A003E70EE /* 05.png in Resources */ = {isa = PBXBuildFile; fileRef = DBCAAB2C1B820B9A003E70EE /* 05.png */; };
		DBCAABFE1B820B9A003E70EE /* 06.png in Resources */ = {isa = PBXBuildFile; fileRef = DBCAAB2D1B820B9A003E70EE /* 06.png */; };
		DBCAABFF1B820B9A003E70EE /* 07.png in Resources */ = {isa = PBXBuildFile; fileRef = DBCAAB2E1B820B9A003E70EE /* 07.png */; };
		DBCAAC001B820B9A003E70EE /* 08.png in Resources */ = {isa = PBXBuildFile; fileRef = DBCAAB2F1B820B9A003E70EE /* 08.png */; };
		DBCAAC011B820B9A003E70EE /* 09.png in Resources */ = {isa = PBXBuildFile; fileRef = DBCAAB301B820B9A003E70EE /* 09.png */; };
		DBCAAC021B820B9A003E70EE /* 10.png in Resources */ = {isa = PBXBuildFile; fileRef = DBCAAB311B820B9A003E70EE /* 10.png */; };
		DBCAAC031B820B9A003E70EE /* 11.png in Resources */ = {isa = PBXBuildFile; fileRef = DBCAAB321B820B9A003E70EE /* 11.png */; };
		DBCAAC041B820B9A003E70EE /* 12.png in Resources */ = {isa = PBXBuildFile; fileRef = DBCAAB331B820B9A003E70EE /* 12.png */; };
		DBCAAC051B820B9A003E70EE /* 13.png in Resources */ = {isa = PBXBuildFile; fileRef = DBCAAB341B820B9A003E70EE /* 13.png */; };
		DBCAAC061B820B9A003E70EE /* 14.png in Resources */ = {isa = PBXBuildFile; fileRef = DBCAAB351B820B9A003E70EE /* 14.png */; };
		DBCAAC071B820B9A003E70EE /* 15.png in Resources */ = {isa = PBXBuildFile; fileRef = DBCAAB361B820B9A003E70EE /* 15.png */; };
		DBCAAC081B820B9A003E70EE /* 16.png in Resources */ = {isa = PBXBuildFile; fileRef = DBCAAB371B820B9A003E70EE /* 16.png */; };
		DBCAAC091B820B9A003E70EE /* 17.png in Resources */ = {isa = PBXBuildFile; fileRef = DBCAAB381B820B9A003E70EE /* 17.png */; };
		DBCAAC0A1B820B9A003E70EE /* 18.png in Resources */ = {isa = PBXBuildFile; fileRef = DBCAAB391B820B9A003E70EE /* 18.png */; };
		DBCAAC0B1B820B9A003E70EE /* 19.png in Resources */ = {isa = PBXBuildFile; fileRef = DBCAAB3A1B820B9A003E70EE /* 19.png */; };
		DBCAAC0C1B820B9A003E70EE /* 20.png in Resources */ = {isa = PBXBuildFile; fileRef = DBCAAB3B1B820B9A003E70EE /* 20.png */; };
		DBCAAC0D1B820B9A003E70EE /* 21.png in Resources */ = {isa = PBXBuildFile; fileRef = DBCAAB3C1B820B9A003E70EE /* 21.png */; };
		DBCAAC0E1B820B9A003E70EE /* 22.png in Resources */ = {isa = PBXBuildFile; fileRef = DBCAAB3D1B820B9A003E70EE /* 22.png */; };
		DBCAAC0F1B820B9A003E70EE /* 23.png in Resources */ = {isa = PBXBuildFile; fileRef = DBCAAB3E1B820B9A003E70EE /* 23.png */; };
		DBCAAC101B820B9A003E70EE /* 24.png in Resources */ = {isa = PBXBuildFile; fileRef = DBCAAB3F1B820B9A003E70EE /* 24.png */; };
		DBCAAC851B820B9A003E70EE /* Weather-App-Icons.png in Resources */ = {isa = PBXBuildFile; fileRef = DBCAABBB1B820B9A003E70EE /* Weather-App-Icons.png */; };
		DBCAAC861B820B9A003E70EE /* IMG_Article.PNG in Resources */ = {isa = PBXBuildFile; fileRef = DBCAABBD1B820B9A003E70EE /* IMG_Article.PNG */; };
		DBCAAC871B820B9A003E70EE /* IMG_Loading.png in Resources */ = {isa = PBXBuildFile; fileRef = DBCAABBE1B820B9A003E70EE /* IMG_Loading.png */; };
		DBCAAC891B820B9A003E70EE /* IMG_Menu.png in Resources */ = {isa = PBXBuildFile; fileRef = DBCAABC01B820B9A003E70EE /* IMG_Menu.png */; };
		DBCAAC8B1B820B9A003E70EE /* IMG_Profile1.PNG in Resources */ = {isa = PBXBuildFile; fileRef = DBCAABC21B820B9A003E70EE /* IMG_Profile1.PNG */; };
		DBCAAC8C1B820B9A003E70EE /* IMG_Profile2.PNG in Resources */ = {isa = PBXBuildFile; fileRef = DBCAABC31B820B9A003E70EE /* IMG_Profile2.PNG */; };
		DBD8F4151BA512A7000CA272 /* ufonts.com_century-gothic.ttf in Resources */ = {isa = PBXBuildFile; fileRef = DBD8F4141BA512A7000CA272 /* ufonts.com_century-gothic.ttf */; };
		DBD8F4181BA51611000CA272 /* WeatherViewController.m in Sources */ = {isa = PBXBuildFile; fileRef = DBD8F4171BA51611000CA272 /* WeatherViewController.m */; };
/* End PBXBuildFile section */

/* Begin PBXContainerItemProxy section */
		DBCAA93C1B817032003E70EE /* PBXContainerItemProxy */ = {
			isa = PBXContainerItemProxy;
			containerPortal = DBCAA9171B817032003E70EE /* Project object */;
			proxyType = 1;
			remoteGlobalIDString = DBCAA91E1B817032003E70EE;
			remoteInfo = Tobae;
		};
/* End PBXContainerItemProxy section */

/* Begin PBXFileReference section */
		032CC5B9B170F729A05D9DCD /* libPods-Tobae.a */ = {isa = PBXFileReference; explicitFileType = archive.ar; includeInIndex = 0; path = "libPods-Tobae.a"; sourceTree = BUILT_PRODUCTS_DIR; };
		9A481211DCE9997EA607A9A6 /* Pods-Tobae.release.xcconfig */ = {isa = PBXFileReference; includeInIndex = 1; lastKnownFileType = text.xcconfig; name = "Pods-Tobae.release.xcconfig"; path = "Pods/Target Support Files/Pods-Tobae/Pods-Tobae.release.xcconfig"; sourceTree = "<group>"; };
		D4F83F411521103CC30F7C1A /* Pods-Tobae.debug.xcconfig */ = {isa = PBXFileReference; includeInIndex = 1; lastKnownFileType = text.xcconfig; name = "Pods-Tobae.debug.xcconfig"; path = "Pods/Target Support Files/Pods-Tobae/Pods-Tobae.debug.xcconfig"; sourceTree = "<group>"; };
		DB9EDCC71BAE254300D01746 /* View.png */ = {isa = PBXFileReference; lastKnownFileType = image.png; path = View.png; sourceTree = "<group>"; };
		DB9EDCD21BAE500600D01746 /* Back.png */ = {isa = PBXFileReference; lastKnownFileType = image.png; path = Back.png; sourceTree = "<group>"; };
		DB9EDCD31BAE500600D01746 /* Profile.png */ = {isa = PBXFileReference; lastKnownFileType = image.png; path = Profile.png; sourceTree = "<group>"; };
		DB9EDCD41BAE500600D01746 /* Search.png */ = {isa = PBXFileReference; lastKnownFileType = image.png; path = Search.png; sourceTree = "<group>"; };
		DB9EDCD51BAE500600D01746 /* Setting.png */ = {isa = PBXFileReference; lastKnownFileType = image.png; path = Setting.png; sourceTree = "<group>"; };
		DB9EDCDA1BAE536B00D01746 /* 3Dscan楓PC_square.tif */ = {isa = PBXFileReference; lastKnownFileType = image.tiff; path = "3Dscan楓PC_square.tif"; sourceTree = "<group>"; };
		DB9EDCDC1BAE575500D01746 /* Favorite_Add.png */ = {isa = PBXFileReference; lastKnownFileType = image.png; path = Favorite_Add.png; sourceTree = "<group>"; };
		DB9EDCDD1BAE575500D01746 /* Favorite_Cancel.png */ = {isa = PBXFileReference; lastKnownFileType = image.png; path = Favorite_Cancel.png; sourceTree = "<group>"; };
		DBA71AF51B914E14001926A5 /* Cell.xib */ = {isa = PBXFileReference; fileEncoding = 4; lastKnownFileType = file.xib; path = Cell.xib; sourceTree = "<group>"; };
		DBA71AF71B914E9F001926A5 /* Cell.h */ = {isa = PBXFileReference; fileEncoding = 4; lastKnownFileType = sourcecode.c.h; path = Cell.h; sourceTree = "<group>"; };
		DBA71AF81B914E9F001926A5 /* Cell.m */ = {isa = PBXFileReference; fileEncoding = 4; lastKnownFileType = sourcecode.c.objc; path = Cell.m; sourceTree = "<group>"; };
		DBCAA91F1B817032003E70EE /* Tobae.app */ = {isa = PBXFileReference; explicitFileType = wrapper.application; includeInIndex = 0; path = Tobae.app; sourceTree = BUILT_PRODUCTS_DIR; };
		DBCAA9231B817032003E70EE /* Info.plist */ = {isa = PBXFileReference; lastKnownFileType = text.plist.xml; path = Info.plist; sourceTree = "<group>"; };
		DBCAA9241B817032003E70EE /* main.m */ = {isa = PBXFileReference; lastKnownFileType = sourcecode.c.objc; path = main.m; sourceTree = "<group>"; };
		DBCAA9261B817032003E70EE /* AppDelegate.h */ = {isa = PBXFileReference; lastKnownFileType = sourcecode.c.h; path = AppDelegate.h; sourceTree = "<group>"; };
		DBCAA9271B817032003E70EE /* AppDelegate.m */ = {isa = PBXFileReference; lastKnownFileType = sourcecode.c.objc; path = AppDelegate.m; sourceTree = "<group>"; };
		DBCAA92A1B817032003E70EE /* Tobae.xcdatamodel */ = {isa = PBXFileReference; lastKnownFileType = wrapper.xcdatamodel; path = Tobae.xcdatamodel; sourceTree = "<group>"; };
		DBCAA92C1B817032003E70EE /* ViewController.h */ = {isa = PBXFileReference; lastKnownFileType = sourcecode.c.h; path = ViewController.h; sourceTree = "<group>"; };
		DBCAA92D1B817032003E70EE /* ViewController.m */ = {isa = PBXFileReference; lastKnownFileType = sourcecode.c.objc; path = ViewController.m; sourceTree = "<group>"; };
		DBCAA9301B817032003E70EE /* Base */ = {isa = PBXFileReference; lastKnownFileType = file.storyboard; name = Base; path = Base.lproj/Main.storyboard; sourceTree = "<group>"; };
		DBCAA9321B817032003E70EE /* Images.xcassets */ = {isa = PBXFileReference; lastKnownFileType = folder.assetcatalog; path = Images.xcassets; sourceTree = "<group>"; };
		DBCAA9351B817032003E70EE /* Base */ = {isa = PBXFileReference; lastKnownFileType = file.xib; name = Base; path = Base.lproj/LaunchScreen.xib; sourceTree = "<group>"; };
		DBCAA93B1B817032003E70EE /* TobaeTests.xctest */ = {isa = PBXFileReference; explicitFileType = wrapper.cfbundle; includeInIndex = 0; path = TobaeTests.xctest; sourceTree = BUILT_PRODUCTS_DIR; };
		DBCAA9401B817032003E70EE /* Info.plist */ = {isa = PBXFileReference; lastKnownFileType = text.plist.xml; path = Info.plist; sourceTree = "<group>"; };
		DBCAA9411B817032003E70EE /* TobaeTests.m */ = {isa = PBXFileReference; lastKnownFileType = sourcecode.c.objc; path = TobaeTests.m; sourceTree = "<group>"; };
		DBCAA94B1B81704B003E70EE /* CoreGraphics.framework */ = {isa = PBXFileReference; lastKnownFileType = wrapper.framework; name = CoreGraphics.framework; path = System/Library/Frameworks/CoreGraphics.framework; sourceTree = SDKROOT; };
		DBCAA94D1B817053003E70EE /* UIKit.framework */ = {isa = PBXFileReference; lastKnownFileType = wrapper.framework; name = UIKit.framework; path = System/Library/Frameworks/UIKit.framework; sourceTree = SDKROOT; };
		DBCAA94F1B81705B003E70EE /* Foundation.framework */ = {isa = PBXFileReference; lastKnownFileType = wrapper.framework; name = Foundation.framework; path = System/Library/Frameworks/Foundation.framework; sourceTree = SDKROOT; };
		DBCAAAD31B8170C1003E70EE /* VerticalTableViewCell.h */ = {isa = PBXFileReference; fileEncoding = 4; lastKnownFileType = sourcecode.c.h; path = VerticalTableViewCell.h; sourceTree = "<group>"; };
		DBCAAAD41B8170C1003E70EE /* VerticalTableViewCell.m */ = {isa = PBXFileReference; fileEncoding = 4; lastKnownFileType = sourcecode.c.objc; path = VerticalTableViewCell.m; sourceTree = "<group>"; };
		DBCAAAF51B820B9A003E70EE /* tobae_daruma_character.jpg */ = {isa = PBXFileReference; lastKnownFileType = image.jpeg; path = tobae_daruma_character.jpg; sourceTree = "<group>"; };
		DBCAAAF61B820B9A003E70EE /* tobae_daruma_direction.png */ = {isa = PBXFileReference; lastKnownFileType = image.png; path = tobae_daruma_direction.png; sourceTree = "<group>"; };
		DBCAAAF71B820B9A003E70EE /* tobae_daruma_drawing.png */ = {isa = PBXFileReference; lastKnownFileType = image.png; path = tobae_daruma_drawing.png; sourceTree = "<group>"; };
		DBCAAAF81B820B9A003E70EE /* tobae_daruma_etc.png */ = {isa = PBXFileReference; lastKnownFileType = image.png; path = tobae_daruma_etc.png; sourceTree = "<group>"; };
		DBCAAAF91B820B9A003E70EE /* tobae_daruma_figure.png */ = {isa = PBXFileReference; lastKnownFileType = image.png; path = tobae_daruma_figure.png; sourceTree = "<group>"; };
		DBCAAAFA1B820B9A003E70EE /* tobae_daruma_live.png */ = {isa = PBXFileReference; lastKnownFileType = image.png; path = tobae_daruma_live.png; sourceTree = "<group>"; };
		DBCAAAFB1B820B9A003E70EE /* tobae_daruma_main.png */ = {isa = PBXFileReference; lastKnownFileType = image.png; path = tobae_daruma_main.png; sourceTree = "<group>"; };
		DBCAAAFC1B820B9A003E70EE /* tobae_daruma_overseas.png */ = {isa = PBXFileReference; lastKnownFileType = image.png; path = tobae_daruma_overseas.png; sourceTree = "<group>"; };
		DBCAAAFD1B820B9A003E70EE /* tobae_daruma_produce.png */ = {isa = PBXFileReference; lastKnownFileType = image.png; path = tobae_daruma_produce.png; sourceTree = "<group>"; };
		DBCAAAFE1B820B9A003E70EE /* tobae_daruma_sound.png */ = {isa = PBXFileReference; lastKnownFileType = image.png; path = tobae_daruma_sound.png; sourceTree = "<group>"; };
		DBCAAAFF1B820B9A003E70EE /* tobae_daruma_technology.png */ = {isa = PBXFileReference; lastKnownFileType = image.png; path = tobae_daruma_technology.png; sourceTree = "<group>"; };
		DBCAAB001B820B9A003E70EE /* tobae_daruma_voice.png */ = {isa = PBXFileReference; lastKnownFileType = image.png; path = tobae_daruma_voice.png; sourceTree = "<group>"; };
		DBCAAB021B820B9A003E70EE /* Africa.png */ = {isa = PBXFileReference; lastKnownFileType = image.png; path = Africa.png; sourceTree = "<group>"; };
		DBCAAB031B820B9A003E70EE /* Africa_20pixel.png */ = {isa = PBXFileReference; lastKnownFileType = image.png; path = Africa_20pixel.png; sourceTree = "<group>"; };
		DBCAAB041B820B9A003E70EE /* Africa_25pixel.png */ = {isa = PBXFileReference; lastKnownFileType = image.png; path = Africa_25pixel.png; sourceTree = "<group>"; };
		DBCAAB051B820B9A003E70EE /* Africa_30pixel.png */ = {isa = PBXFileReference; lastKnownFileType = image.png; path = Africa_30pixel.png; sourceTree = "<group>"; };
		DBCAAB061B820B9A003E70EE /* Africa_text_25pixel.png */ = {isa = PBXFileReference; lastKnownFileType = image.png; path = Africa_text_25pixel.png; sourceTree = "<group>"; };
		DBCAAB071B820B9A003E70EE /* Asia.png */ = {isa = PBXFileReference; lastKnownFileType = image.png; path = Asia.png; sourceTree = "<group>"; };
		DBCAAB081B820B9A003E70EE /* Asia_20pixel.png */ = {isa = PBXFileReference; lastKnownFileType = image.png; path = Asia_20pixel.png; sourceTree = "<group>"; };
		DBCAAB091B820B9A003E70EE /* Asia_25pixel.png */ = {isa = PBXFileReference; lastKnownFileType = image.png; path = Asia_25pixel.png; sourceTree = "<group>"; };
		DBCAAB0A1B820B9A003E70EE /* Asia_30pixel.png */ = {isa = PBXFileReference; lastKnownFileType = image.png; path = Asia_30pixel.png; sourceTree = "<group>"; };
		DBCAAB0B1B820B9A003E70EE /* Asia_text_25pixel.png */ = {isa = PBXFileReference; lastKnownFileType = image.png; path = Asia_text_25pixel.png; sourceTree = "<group>"; };
		DBCAAB0C1B820B9A003E70EE /* Europe.png */ = {isa = PBXFileReference; lastKnownFileType = image.png; path = Europe.png; sourceTree = "<group>"; };
		DBCAAB0D1B820B9A003E70EE /* Europe_20pixel.png */ = {isa = PBXFileReference; lastKnownFileType = image.png; path = Europe_20pixel.png; sourceTree = "<group>"; };
		DBCAAB0E1B820B9A003E70EE /* Europe_25pixel.png */ = {isa = PBXFileReference; lastKnownFileType = image.png; path = Europe_25pixel.png; sourceTree = "<group>"; };
		DBCAAB0F1B820B9A003E70EE /* Europe_30pixel.png */ = {isa = PBXFileReference; lastKnownFileType = image.png; path = Europe_30pixel.png; sourceTree = "<group>"; };
		DBCAAB101B820B9A003E70EE /* Europe_text_25pixel.png */ = {isa = PBXFileReference; lastKnownFileType = image.png; path = Europe_text_25pixel.png; sourceTree = "<group>"; };
		DBCAAB111B820B9A003E70EE /* NIS.png */ = {isa = PBXFileReference; lastKnownFileType = image.png; path = NIS.png; sourceTree = "<group>"; };
		DBCAAB121B820B9A003E70EE /* NIS_20pixel.png */ = {isa = PBXFileReference; lastKnownFileType = image.png; path = NIS_20pixel.png; sourceTree = "<group>"; };
		DBCAAB131B820B9A003E70EE /* NIS_25pixel.png */ = {isa = PBXFileReference; lastKnownFileType = image.png; path = NIS_25pixel.png; sourceTree = "<group>"; };
		DBCAAB141B820B9A003E70EE /* NIS_30pixel.png */ = {isa = PBXFileReference; lastKnownFileType = image.png; path = NIS_30pixel.png; sourceTree = "<group>"; };
		DBCAAB151B820B9A003E70EE /* NIS_text_25pixel.png */ = {isa = PBXFileReference; lastKnownFileType = image.png; path = NIS_text_25pixel.png; sourceTree = "<group>"; };
		DBCAAB161B820B9A003E70EE /* NorthAmerica.png */ = {isa = PBXFileReference; lastKnownFileType = image.png; path = NorthAmerica.png; sourceTree = "<group>"; };
		DBCAAB171B820B9A003E70EE /* NorthAmerica_20pixel.png */ = {isa = PBXFileReference; lastKnownFileType = image.png; path = NorthAmerica_20pixel.png; sourceTree = "<group>"; };
		DBCAAB181B820B9A003E70EE /* NorthAmerica_25pixel.png */ = {isa = PBXFileReference; lastKnownFileType = image.png; path = NorthAmerica_25pixel.png; sourceTree = "<group>"; };
		DBCAAB191B820B9A003E70EE /* NorthAmerica_30pixel.png */ = {isa = PBXFileReference; lastKnownFileType = image.png; path = NorthAmerica_30pixel.png; sourceTree = "<group>"; };
		DBCAAB1A1B820B9A003E70EE /* NorthAmerica_text_25pixel.png */ = {isa = PBXFileReference; lastKnownFileType = image.png; path = NorthAmerica_text_25pixel.png; sourceTree = "<group>"; };
		DBCAAB1B1B820B9A003E70EE /* Oceania.png */ = {isa = PBXFileReference; lastKnownFileType = image.png; path = Oceania.png; sourceTree = "<group>"; };
		DBCAAB1C1B820B9A003E70EE /* Oceania_20pixel.png */ = {isa = PBXFileReference; lastKnownFileType = image.png; path = Oceania_20pixel.png; sourceTree = "<group>"; };
		DBCAAB1D1B820B9A003E70EE /* Oceania_25pixel.png */ = {isa = PBXFileReference; lastKnownFileType = image.png; path = Oceania_25pixel.png; sourceTree = "<group>"; };
		DBCAAB1E1B820B9A003E70EE /* Oceania_30pixel.png */ = {isa = PBXFileReference; lastKnownFileType = image.png; path = Oceania_30pixel.png; sourceTree = "<group>"; };
		DBCAAB1F1B820B9A003E70EE /* Oceania_text_25pixel.png */ = {isa = PBXFileReference; lastKnownFileType = image.png; path = Oceania_text_25pixel.png; sourceTree = "<group>"; };
		DBCAAB201B820B9A003E70EE /* SouthAmerica.png */ = {isa = PBXFileReference; lastKnownFileType = image.png; path = SouthAmerica.png; sourceTree = "<group>"; };
		DBCAAB211B820B9A003E70EE /* SouthAmerica_20pixel.png */ = {isa = PBXFileReference; lastKnownFileType = image.png; path = SouthAmerica_20pixel.png; sourceTree = "<group>"; };
		DBCAAB221B820B9A003E70EE /* SouthAmerica_25pixel.png */ = {isa = PBXFileReference; lastKnownFileType = image.png; path = SouthAmerica_25pixel.png; sourceTree = "<group>"; };
		DBCAAB231B820B9A003E70EE /* SouthAmerica_30pixel.png */ = {isa = PBXFileReference; lastKnownFileType = image.png; path = SouthAmerica_30pixel.png; sourceTree = "<group>"; };
		DBCAAB241B820B9A003E70EE /* SouthAmerica_text_25pixel.png */ = {isa = PBXFileReference; lastKnownFileType = image.png; path = SouthAmerica_text_25pixel.png; sourceTree = "<group>"; };
		DBCAAB251B820B9A003E70EE /* World.png */ = {isa = PBXFileReference; lastKnownFileType = image.png; path = World.png; sourceTree = "<group>"; };
		DBCAAB261B820B9A003E70EE /* World_43pixel.png */ = {isa = PBXFileReference; lastKnownFileType = image.png; path = World_43pixel.png; sourceTree = "<group>"; };
		DBCAAB281B820B9A003E70EE /* 01.png */ = {isa = PBXFileReference; lastKnownFileType = image.png; path = 01.png; sourceTree = "<group>"; };
		DBCAAB291B820B9A003E70EE /* 02.png */ = {isa = PBXFileReference; lastKnownFileType = image.png; path = 02.png; sourceTree = "<group>"; };
		DBCAAB2A1B820B9A003E70EE /* 03.png */ = {isa = PBXFileReference; lastKnownFileType = image.png; path = 03.png; sourceTree = "<group>"; };
		DBCAAB2B1B820B9A003E70EE /* 04.png */ = {isa = PBXFileReference; lastKnownFileType = image.png; path = 04.png; sourceTree = "<group>"; };
		DBCAAB2C1B820B9A003E70EE /* 05.png */ = {isa = PBXFileReference; lastKnownFileType = image.png; path = 05.png; sourceTree = "<group>"; };
		DBCAAB2D1B820B9A003E70EE /* 06.png */ = {isa = PBXFileReference; lastKnownFileType = image.png; path = 06.png; sourceTree = "<group>"; };
		DBCAAB2E1B820B9A003E70EE /* 07.png */ = {isa = PBXFileReference; lastKnownFileType = image.png; path = 07.png; sourceTree = "<group>"; };
		DBCAAB2F1B820B9A003E70EE /* 08.png */ = {isa = PBXFileReference; lastKnownFileType = image.png; path = 08.png; sourceTree = "<group>"; };
		DBCAAB301B820B9A003E70EE /* 09.png */ = {isa = PBXFileReference; lastKnownFileType = image.png; path = 09.png; sourceTree = "<group>"; };
		DBCAAB311B820B9A003E70EE /* 10.png */ = {isa = PBXFileReference; lastKnownFileType = image.png; path = 10.png; sourceTree = "<group>"; };
		DBCAAB321B820B9A003E70EE /* 11.png */ = {isa = PBXFileReference; lastKnownFileType = image.png; path = 11.png; sourceTree = "<group>"; };
		DBCAAB331B820B9A003E70EE /* 12.png */ = {isa = PBXFileReference; lastKnownFileType = image.png; path = 12.png; sourceTree = "<group>"; };
		DBCAAB341B820B9A003E70EE /* 13.png */ = {isa = PBXFileReference; lastKnownFileType = image.png; path = 13.png; sourceTree = "<group>"; };
		DBCAAB351B820B9A003E70EE /* 14.png */ = {isa = PBXFileReference; lastKnownFileType = image.png; path = 14.png; sourceTree = "<group>"; };
		DBCAAB361B820B9A003E70EE /* 15.png */ = {isa = PBXFileReference; lastKnownFileType = image.png; path = 15.png; sourceTree = "<group>"; };
		DBCAAB371B820B9A003E70EE /* 16.png */ = {isa = PBXFileReference; lastKnownFileType = image.png; path = 16.png; sourceTree = "<group>"; };
		DBCAAB381B820B9A003E70EE /* 17.png */ = {isa = PBXFileReference; lastKnownFileType = image.png; path = 17.png; sourceTree = "<group>"; };
		DBCAAB391B820B9A003E70EE /* 18.png */ = {isa = PBXFileReference; lastKnownFileType = image.png; path = 18.png; sourceTree = "<group>"; };
		DBCAAB3A1B820B9A003E70EE /* 19.png */ = {isa = PBXFileReference; lastKnownFileType = image.png; path = 19.png; sourceTree = "<group>"; };
		DBCAAB3B1B820B9A003E70EE /* 20.png */ = {isa = PBXFileReference; lastKnownFileType = image.png; path = 20.png; sourceTree = "<group>"; };
		DBCAAB3C1B820B9A003E70EE /* 21.png */ = {isa = PBXFileReference; lastKnownFileType = image.png; path = 21.png; sourceTree = "<group>"; };
		DBCAAB3D1B820B9A003E70EE /* 22.png */ = {isa = PBXFileReference; lastKnownFileType = image.png; path = 22.png; sourceTree = "<group>"; };
		DBCAAB3E1B820B9A003E70EE /* 23.png */ = {isa = PBXFileReference; lastKnownFileType = image.png; path = 23.png; sourceTree = "<group>"; };
		DBCAAB3F1B820B9A003E70EE /* 24.png */ = {isa = PBXFileReference; lastKnownFileType = image.png; path = 24.png; sourceTree = "<group>"; };
		DBCAABBB1B820B9A003E70EE /* Weather-App-Icons.png */ = {isa = PBXFileReference; lastKnownFileType = image.png; path = "Weather-App-Icons.png"; sourceTree = "<group>"; };
		DBCAABBD1B820B9A003E70EE /* IMG_Article.PNG */ = {isa = PBXFileReference; lastKnownFileType = image.png; path = IMG_Article.PNG; sourceTree = "<group>"; };
		DBCAABBE1B820B9A003E70EE /* IMG_Loading.png */ = {isa = PBXFileReference; lastKnownFileType = image.png; path = IMG_Loading.png; sourceTree = "<group>"; };
		DBCAABC01B820B9A003E70EE /* IMG_Menu.png */ = {isa = PBXFileReference; lastKnownFileType = image.png; path = IMG_Menu.png; sourceTree = "<group>"; };
		DBCAABC21B820B9A003E70EE /* IMG_Profile1.PNG */ = {isa = PBXFileReference; lastKnownFileType = image.png; path = IMG_Profile1.PNG; sourceTree = "<group>"; };
		DBCAABC31B820B9A003E70EE /* IMG_Profile2.PNG */ = {isa = PBXFileReference; lastKnownFileType = image.png; path = IMG_Profile2.PNG; sourceTree = "<group>"; };
		DBD8F4141BA512A7000CA272 /* ufonts.com_century-gothic.ttf */ = {isa = PBXFileReference; lastKnownFileType = file; path = "ufonts.com_century-gothic.ttf"; sourceTree = "<group>"; };
		DBD8F4161BA51611000CA272 /* WeatherViewController.h */ = {isa = PBXFileReference; fileEncoding = 4; lastKnownFileType = sourcecode.c.h; path = WeatherViewController.h; sourceTree = "<group>"; };
		DBD8F4171BA51611000CA272 /* WeatherViewController.m */ = {isa = PBXFileReference; fileEncoding = 4; lastKnownFileType = sourcecode.c.objc; path = WeatherViewController.m; sourceTree = "<group>"; };
/* End PBXFileReference section */

/* Begin PBXFrameworksBuildPhase section */
		DBCAA91C1B817032003E70EE /* Frameworks */ = {
			isa = PBXFrameworksBuildPhase;
			buildActionMask = 2147483647;
			files = (
				DBCAA9501B81705B003E70EE /* Foundation.framework in Frameworks */,
				DBCAA94E1B817053003E70EE /* UIKit.framework in Frameworks */,
				DBCAA94C1B81704B003E70EE /* CoreGraphics.framework in Frameworks */,
				54FD2546E4C1A79C246D6B2F /* libPods-Tobae.a in Frameworks */,
			);
			runOnlyForDeploymentPostprocessing = 0;
		};
		DBCAA9381B817032003E70EE /* Frameworks */ = {
			isa = PBXFrameworksBuildPhase;
			buildActionMask = 2147483647;
			files = (
			);
			runOnlyForDeploymentPostprocessing = 0;
		};
/* End PBXFrameworksBuildPhase section */

/* Begin PBXGroup section */
		4C54D825D216F1BCF75F0A97 /* Pods */ = {
			isa = PBXGroup;
			children = (
				D4F83F411521103CC30F7C1A /* Pods-Tobae.debug.xcconfig */,
				9A481211DCE9997EA607A9A6 /* Pods-Tobae.release.xcconfig */,
			);
			name = Pods;
			sourceTree = "<group>";
		};
		DB9EDCD11BAE500600D01746 /* Icon_Menu */ = {
			isa = PBXGroup;
			children = (
				DB9EDCDC1BAE575500D01746 /* Favorite_Add.png */,
				DB9EDCDD1BAE575500D01746 /* Favorite_Cancel.png */,
				DB9EDCD21BAE500600D01746 /* Back.png */,
				DB9EDCD31BAE500600D01746 /* Profile.png */,
				DB9EDCD41BAE500600D01746 /* Search.png */,
				DB9EDCD51BAE500600D01746 /* Setting.png */,
			);
			name = Icon_Menu;
			path = Icon_Weather/Icon_Menu;
			sourceTree = "<group>";
		};
		DBCAA9161B817032003E70EE = {
			isa = PBXGroup;
			children = (
				DBCAA94F1B81705B003E70EE /* Foundation.framework */,
				DBCAA94D1B817053003E70EE /* UIKit.framework */,
				DBCAA94B1B81704B003E70EE /* CoreGraphics.framework */,
				DBCAA9211B817032003E70EE /* Tobae */,
				DBCAA93E1B817032003E70EE /* TobaeTests */,
				DBCAA9201B817032003E70EE /* Products */,
				4C54D825D216F1BCF75F0A97 /* Pods */,
				E9F15E842B54CF7067067907 /* Frameworks */,
			);
			sourceTree = "<group>";
		};
		DBCAA9201B817032003E70EE /* Products */ = {
			isa = PBXGroup;
			children = (
				DBCAA91F1B817032003E70EE /* Tobae.app */,
				DBCAA93B1B817032003E70EE /* TobaeTests.xctest */,
			);
			name = Products;
			sourceTree = "<group>";
		};
		DBCAA9211B817032003E70EE /* Tobae */ = {
			isa = PBXGroup;
			children = (
				DBD8F4141BA512A7000CA272 /* ufonts.com_century-gothic.ttf */,
				DBCAAAF21B820B9A003E70EE /* sozai */,
				DBCAA9261B817032003E70EE /* AppDelegate.h */,
				DBCAA9271B817032003E70EE /* AppDelegate.m */,
				DBCAA92C1B817032003E70EE /* ViewController.h */,
				DBCAA92D1B817032003E70EE /* ViewController.m */,
				DBCAAAD31B8170C1003E70EE /* VerticalTableViewCell.h */,
				DBCAAAD41B8170C1003E70EE /* VerticalTableViewCell.m */,
				DBA71AF71B914E9F001926A5 /* Cell.h */,
				DBA71AF81B914E9F001926A5 /* Cell.m */,
				DBD8F4161BA51611000CA272 /* WeatherViewController.h */,
				DBD8F4171BA51611000CA272 /* WeatherViewController.m */,
				DBCAA92F1B817032003E70EE /* Main.storyboard */,
				DBA71AF51B914E14001926A5 /* Cell.xib */,
				DBCAA9321B817032003E70EE /* Images.xcassets */,
				DBCAA9341B817032003E70EE /* LaunchScreen.xib */,
				DBCAA9291B817032003E70EE /* Tobae.xcdatamodeld */,
				DBCAA9221B817032003E70EE /* Supporting Files */,
			);
			path = Tobae;
			sourceTree = "<group>";
		};
		DBCAA9221B817032003E70EE /* Supporting Files */ = {
			isa = PBXGroup;
			children = (
				DBCAA9231B817032003E70EE /* Info.plist */,
				DBCAA9241B817032003E70EE /* main.m */,
			);
			name = "Supporting Files";
			sourceTree = "<group>";
		};
		DBCAA93E1B817032003E70EE /* TobaeTests */ = {
			isa = PBXGroup;
			children = (
				DBCAA9411B817032003E70EE /* TobaeTests.m */,
				DBCAA93F1B817032003E70EE /* Supporting Files */,
			);
			path = TobaeTests;
			sourceTree = "<group>";
		};
		DBCAA93F1B817032003E70EE /* Supporting Files */ = {
			isa = PBXGroup;
			children = (
				DBCAA9401B817032003E70EE /* Info.plist */,
			);
			name = "Supporting Files";
			sourceTree = "<group>";
		};
		DBCAAAF21B820B9A003E70EE /* sozai */ = {
			isa = PBXGroup;
			children = (
				DB9EDCD11BAE500600D01746 /* Icon_Menu */,
				DBCAAAF31B820B9A003E70EE /* Icon_Daruma */,
				DBCAAB011B820B9A003E70EE /* Icon_Map */,
				DBCAAB271B820B9A003E70EE /* Icon_Weather */,
				DBCAABBC1B820B9A003E70EE /* Sample_Screen */,
			);
			path = sozai;
			sourceTree = "<group>";
		};
		DBCAAAF31B820B9A003E70EE /* Icon_Daruma */ = {
			isa = PBXGroup;
			children = (
				DBCAAAF51B820B9A003E70EE /* tobae_daruma_character.jpg */,
				DBCAAAF61B820B9A003E70EE /* tobae_daruma_direction.png */,
				DBCAAAF71B820B9A003E70EE /* tobae_daruma_drawing.png */,
				DBCAAAF81B820B9A003E70EE /* tobae_daruma_etc.png */,
				DBCAAAF91B820B9A003E70EE /* tobae_daruma_figure.png */,
				DBCAAAFA1B820B9A003E70EE /* tobae_daruma_live.png */,
				DBCAAAFB1B820B9A003E70EE /* tobae_daruma_main.png */,
				DBCAAAFC1B820B9A003E70EE /* tobae_daruma_overseas.png */,
				DBCAAAFD1B820B9A003E70EE /* tobae_daruma_produce.png */,
				DBCAAAFE1B820B9A003E70EE /* tobae_daruma_sound.png */,
				DBCAAAFF1B820B9A003E70EE /* tobae_daruma_technology.png */,
				DBCAAB001B820B9A003E70EE /* tobae_daruma_voice.png */,
			);
			path = Icon_Daruma;
			sourceTree = "<group>";
		};
		DBCAAB011B820B9A003E70EE /* Icon_Map */ = {
			isa = PBXGroup;
			children = (
				DBCAAB021B820B9A003E70EE /* Africa.png */,
				DBCAAB031B820B9A003E70EE /* Africa_20pixel.png */,
				DBCAAB041B820B9A003E70EE /* Africa_25pixel.png */,
				DBCAAB051B820B9A003E70EE /* Africa_30pixel.png */,
				DBCAAB061B820B9A003E70EE /* Africa_text_25pixel.png */,
				DBCAAB071B820B9A003E70EE /* Asia.png */,
				DBCAAB081B820B9A003E70EE /* Asia_20pixel.png */,
				DBCAAB091B820B9A003E70EE /* Asia_25pixel.png */,
				DBCAAB0A1B820B9A003E70EE /* Asia_30pixel.png */,
				DBCAAB0B1B820B9A003E70EE /* Asia_text_25pixel.png */,
				DBCAAB0C1B820B9A003E70EE /* Europe.png */,
				DBCAAB0D1B820B9A003E70EE /* Europe_20pixel.png */,
				DBCAAB0E1B820B9A003E70EE /* Europe_25pixel.png */,
				DBCAAB0F1B820B9A003E70EE /* Europe_30pixel.png */,
				DBCAAB101B820B9A003E70EE /* Europe_text_25pixel.png */,
				DBCAAB111B820B9A003E70EE /* NIS.png */,
				DBCAAB121B820B9A003E70EE /* NIS_20pixel.png */,
				DBCAAB131B820B9A003E70EE /* NIS_25pixel.png */,
				DBCAAB141B820B9A003E70EE /* NIS_30pixel.png */,
				DBCAAB151B820B9A003E70EE /* NIS_text_25pixel.png */,
				DBCAAB161B820B9A003E70EE /* NorthAmerica.png */,
				DBCAAB171B820B9A003E70EE /* NorthAmerica_20pixel.png */,
				DBCAAB181B820B9A003E70EE /* NorthAmerica_25pixel.png */,
				DBCAAB191B820B9A003E70EE /* NorthAmerica_30pixel.png */,
				DBCAAB1A1B820B9A003E70EE /* NorthAmerica_text_25pixel.png */,
				DBCAAB1B1B820B9A003E70EE /* Oceania.png */,
				DBCAAB1C1B820B9A003E70EE /* Oceania_20pixel.png */,
				DBCAAB1D1B820B9A003E70EE /* Oceania_25pixel.png */,
				DBCAAB1E1B820B9A003E70EE /* Oceania_30pixel.png */,
				DBCAAB1F1B820B9A003E70EE /* Oceania_text_25pixel.png */,
				DBCAAB201B820B9A003E70EE /* SouthAmerica.png */,
				DBCAAB211B820B9A003E70EE /* SouthAmerica_20pixel.png */,
				DBCAAB221B820B9A003E70EE /* SouthAmerica_25pixel.png */,
				DBCAAB231B820B9A003E70EE /* SouthAmerica_30pixel.png */,
				DBCAAB241B820B9A003E70EE /* SouthAmerica_text_25pixel.png */,
				DBCAAB251B820B9A003E70EE /* World.png */,
				DBCAAB261B820B9A003E70EE /* World_43pixel.png */,
			);
			path = Icon_Map;
			sourceTree = "<group>";
		};
		DBCAAB271B820B9A003E70EE /* Icon_Weather */ = {
			isa = PBXGroup;
			children = (
				DBCAAB281B820B9A003E70EE /* 01.png */,
				DBCAAB291B820B9A003E70EE /* 02.png */,
				DBCAAB2A1B820B9A003E70EE /* 03.png */,
				DBCAAB2B1B820B9A003E70EE /* 04.png */,
				DBCAAB2C1B820B9A003E70EE /* 05.png */,
				DBCAAB2D1B820B9A003E70EE /* 06.png */,
				DBCAAB2E1B820B9A003E70EE /* 07.png */,
				DBCAAB2F1B820B9A003E70EE /* 08.png */,
				DBCAAB301B820B9A003E70EE /* 09.png */,
				DBCAAB311B820B9A003E70EE /* 10.png */,
				DBCAAB321B820B9A003E70EE /* 11.png */,
				DBCAAB331B820B9A003E70EE /* 12.png */,
				DBCAAB341B820B9A003E70EE /* 13.png */,
				DBCAAB351B820B9A003E70EE /* 14.png */,
				DBCAAB361B820B9A003E70EE /* 15.png */,
				DBCAAB371B820B9A003E70EE /* 16.png */,
				DBCAAB381B820B9A003E70EE /* 17.png */,
				DBCAAB391B820B9A003E70EE /* 18.png */,
				DBCAAB3A1B820B9A003E70EE /* 19.png */,
				DBCAAB3B1B820B9A003E70EE /* 20.png */,
				DBCAAB3C1B820B9A003E70EE /* 21.png */,
				DBCAAB3D1B820B9A003E70EE /* 22.png */,
				DBCAAB3E1B820B9A003E70EE /* 23.png */,
				DBCAAB3F1B820B9A003E70EE /* 24.png */,
				DBCAABBB1B820B9A003E70EE /* Weather-App-Icons.png */,
			);
			path = Icon_Weather;
			sourceTree = "<group>";
		};
		DBCAABBC1B820B9A003E70EE /* Sample_Screen */ = {
			isa = PBXGroup;
			children = (
				DB9EDCC71BAE254300D01746 /* View.png */,
				DBCAABBD1B820B9A003E70EE /* IMG_Article.PNG */,
				DBCAABBE1B820B9A003E70EE /* IMG_Loading.png */,
				DBCAABC01B820B9A003E70EE /* IMG_Menu.png */,
				DBCAABC21B820B9A003E70EE /* IMG_Profile1.PNG */,
				DB9EDCDA1BAE536B00D01746 /* 3Dscan楓PC_square.tif */,
				DBCAABC31B820B9A003E70EE /* IMG_Profile2.PNG */,
			);
			path = Sample_Screen;
			sourceTree = "<group>";
		};
		E9F15E842B54CF7067067907 /* Frameworks */ = {
			isa = PBXGroup;
			children = (
				032CC5B9B170F729A05D9DCD /* libPods-Tobae.a */,
			);
			name = Frameworks;
			sourceTree = "<group>";
		};
/* End PBXGroup section */

/* Begin PBXNativeTarget section */
		DBCAA91E1B817032003E70EE /* Tobae */ = {
			isa = PBXNativeTarget;
			buildConfigurationList = DBCAA9451B817032003E70EE /* Build configuration list for PBXNativeTarget "Tobae" */;
			buildPhases = (
				B0AA7E3492DBAC6A74227596 /* Check Pods Manifest.lock */,
				DBCAA91B1B817032003E70EE /* Sources */,
				DBCAA91C1B817032003E70EE /* Frameworks */,
				DBCAA91D1B817032003E70EE /* Resources */,
				0839C241CCA47B63A3F0510F /* Copy Pods Resources */,
			);
			buildRules = (
			);
			dependencies = (
			);
			name = Tobae;
			productName = Tobae;
			productReference = DBCAA91F1B817032003E70EE /* Tobae.app */;
			productType = "com.apple.product-type.application";
		};
		DBCAA93A1B817032003E70EE /* TobaeTests */ = {
			isa = PBXNativeTarget;
			buildConfigurationList = DBCAA9481B817032003E70EE /* Build configuration list for PBXNativeTarget "TobaeTests" */;
			buildPhases = (
				DBCAA9371B817032003E70EE /* Sources */,
				DBCAA9381B817032003E70EE /* Frameworks */,
				DBCAA9391B817032003E70EE /* Resources */,
			);
			buildRules = (
			);
			dependencies = (
				DBCAA93D1B817032003E70EE /* PBXTargetDependency */,
			);
			name = TobaeTests;
			productName = TobaeTests;
			productReference = DBCAA93B1B817032003E70EE /* TobaeTests.xctest */;
			productType = "com.apple.product-type.bundle.unit-test";
		};
/* End PBXNativeTarget section */

/* Begin PBXProject section */
		DBCAA9171B817032003E70EE /* Project object */ = {
			isa = PBXProject;
			attributes = {
				LastUpgradeCheck = 0640;
				ORGANIZATIONNAME = Original_Weather;
				TargetAttributes = {
					DBCAA91E1B817032003E70EE = {
						CreatedOnToolsVersion = 6.4;
					};
					DBCAA93A1B817032003E70EE = {
						CreatedOnToolsVersion = 6.4;
						TestTargetID = DBCAA91E1B817032003E70EE;
					};
				};
			};
			buildConfigurationList = DBCAA91A1B817032003E70EE /* Build configuration list for PBXProject "Tobae" */;
			compatibilityVersion = "Xcode 3.2";
			developmentRegion = English;
			hasScannedForEncodings = 0;
			knownRegions = (
				en,
				Base,
			);
			mainGroup = DBCAA9161B817032003E70EE;
			productRefGroup = DBCAA9201B817032003E70EE /* Products */;
			projectDirPath = "";
			projectRoot = "";
			targets = (
				DBCAA91E1B817032003E70EE /* Tobae */,
				DBCAA93A1B817032003E70EE /* TobaeTests */,
			);
		};
/* End PBXProject section */

/* Begin PBXResourcesBuildPhase section */
		DBCAA91D1B817032003E70EE /* Resources */ = {
			isa = PBXResourcesBuildPhase;
			buildActionMask = 2147483647;
			files = (
				DB9EDCC81BAE254300D01746 /* View.png in Resources */,
				DBCAAC041B820B9A003E70EE /* 12.png in Resources */,
				DBCAABFF1B820B9A003E70EE /* 07.png in Resources */,
				DBD8F4151BA512A7000CA272 /* ufonts.com_century-gothic.ttf in Resources */,
				DBCAABD01B820B9A003E70EE /* tobae_daruma_produce.png in Resources */,
				DBCAABE21B820B9A003E70EE /* Europe_text_25pixel.png in Resources */,
				DBCAABD61B820B9A003E70EE /* Africa_25pixel.png in Resources */,
				DBCAAC051B820B9A003E70EE /* 13.png in Resources */,
				DBCAABCA1B820B9A003E70EE /* tobae_daruma_drawing.png in Resources */,
				DBCAABFE1B820B9A003E70EE /* 06.png in Resources */,
				DBCAABF21B820B9A003E70EE /* SouthAmerica.png in Resources */,
				DBCAABE31B820B9A003E70EE /* NIS.png in Resources */,
				DBCAAC0E1B820B9A003E70EE /* 22.png in Resources */,
				DBCAAC891B820B9A003E70EE /* IMG_Menu.png in Resources */,
				DBCAABE71B820B9A003E70EE /* NIS_text_25pixel.png in Resources */,
				DB9EDCDF1BAE575500D01746 /* Favorite_Cancel.png in Resources */,
				DBCAABE41B820B9A003E70EE /* NIS_20pixel.png in Resources */,
				DBCAABF01B820B9A003E70EE /* Oceania_30pixel.png in Resources */,
				DBCAAC0F1B820B9A003E70EE /* 23.png in Resources */,
				DB9EDCD61BAE500600D01746 /* Back.png in Resources */,
				DB9EDCD81BAE500600D01746 /* Search.png in Resources */,
				DBCAABE81B820B9A003E70EE /* NorthAmerica.png in Resources */,
				DBCAABD91B820B9A003E70EE /* Asia.png in Resources */,
				DBCAAC091B820B9A003E70EE /* 17.png in Resources */,
				DBCAABDF1B820B9A003E70EE /* Europe_20pixel.png in Resources */,
				DBCAABF51B820B9A003E70EE /* SouthAmerica_30pixel.png in Resources */,
				DBCAAC081B820B9A003E70EE /* 16.png in Resources */,
				DBCAABD31B820B9A003E70EE /* tobae_daruma_voice.png in Resources */,
				DBCAA9311B817032003E70EE /* Main.storyboard in Resources */,
				DBCAAC101B820B9A003E70EE /* 24.png in Resources */,
				DBCAAC071B820B9A003E70EE /* 15.png in Resources */,
				DBCAABF41B820B9A003E70EE /* SouthAmerica_25pixel.png in Resources */,
				DBCAABCF1B820B9A003E70EE /* tobae_daruma_overseas.png in Resources */,
				DBCAAC861B820B9A003E70EE /* IMG_Article.PNG in Resources */,
				DBA71AF61B914E14001926A5 /* Cell.xib in Resources */,
				DBCAABF91B820B9A003E70EE /* 01.png in Resources */,
				DBCAAC851B820B9A003E70EE /* Weather-App-Icons.png in Resources */,
				DBCAABD71B820B9A003E70EE /* Africa_30pixel.png in Resources */,
				DBCAABFA1B820B9A003E70EE /* 02.png in Resources */,
				DBCAABD81B820B9A003E70EE /* Africa_text_25pixel.png in Resources */,
				DBCAA9361B817032003E70EE /* LaunchScreen.xib in Resources */,
				DBCAABD21B820B9A003E70EE /* tobae_daruma_technology.png in Resources */,
				DB9EDCDB1BAE536B00D01746 /* 3Dscan楓PC_square.tif in Resources */,
				DB9EDCDE1BAE575500D01746 /* Favorite_Add.png in Resources */,
				DBCAABF11B820B9A003E70EE /* Oceania_text_25pixel.png in Resources */,
				DBCAAC031B820B9A003E70EE /* 11.png in Resources */,
				DBCAABC81B820B9A003E70EE /* tobae_daruma_character.jpg in Resources */,
				DBCAAC011B820B9A003E70EE /* 09.png in Resources */,
				DBCAABF71B820B9A003E70EE /* World.png in Resources */,
				DBCAABE01B820B9A003E70EE /* Europe_25pixel.png in Resources */,
				DB9EDCD71BAE500600D01746 /* Profile.png in Resources */,
				DBCAABFB1B820B9A003E70EE /* 03.png in Resources */,
				DBCAABDA1B820B9A003E70EE /* Asia_20pixel.png in Resources */,
				DBCAABEA1B820B9A003E70EE /* NorthAmerica_25pixel.png in Resources */,
				DBCAABED1B820B9A003E70EE /* Oceania.png in Resources */,
				DBCAABD41B820B9A003E70EE /* Africa.png in Resources */,
				DBCAABFC1B820B9A003E70EE /* 04.png in Resources */,
				DBCAABE11B820B9A003E70EE /* Europe_30pixel.png in Resources */,
				DBCAAC061B820B9A003E70EE /* 14.png in Resources */,
				DBCAAC8B1B820B9A003E70EE /* IMG_Profile1.PNG in Resources */,
				DBCAABD51B820B9A003E70EE /* Africa_20pixel.png in Resources */,
				DBCAABF81B820B9A003E70EE /* World_43pixel.png in Resources */,
				DBCAABDD1B820B9A003E70EE /* Asia_text_25pixel.png in Resources */,
				DBCAABDE1B820B9A003E70EE /* Europe.png in Resources */,
				DBCAA9331B817032003E70EE /* Images.xcassets in Resources */,
				DBCAABDB1B820B9A003E70EE /* Asia_25pixel.png in Resources */,
				DBCAABEF1B820B9A003E70EE /* Oceania_25pixel.png in Resources */,
				DBCAABCB1B820B9A003E70EE /* tobae_daruma_etc.png in Resources */,
				DB9EDCD91BAE500600D01746 /* Setting.png in Resources */,
				DBCAAC871B820B9A003E70EE /* IMG_Loading.png in Resources */,
				DBCAABF61B820B9A003E70EE /* SouthAmerica_text_25pixel.png in Resources */,
				DBCAAC001B820B9A003E70EE /* 08.png in Resources */,
				DBCAAC8C1B820B9A003E70EE /* IMG_Profile2.PNG in Resources */,
				DBCAABF31B820B9A003E70EE /* SouthAmerica_20pixel.png in Resources */,
				DBCAABD11B820B9A003E70EE /* tobae_daruma_sound.png in Resources */,
				DBCAAC021B820B9A003E70EE /* 10.png in Resources */,
				DBCAABCC1B820B9A003E70EE /* tobae_daruma_figure.png in Resources */,
				DBCAAC0B1B820B9A003E70EE /* 19.png in Resources */,
				DBCAABDC1B820B9A003E70EE /* Asia_30pixel.png in Resources */,
				DBCAABE61B820B9A003E70EE /* NIS_30pixel.png in Resources */,
				DBCAABCE1B820B9A003E70EE /* tobae_daruma_main.png in Resources */,
				DBCAAC0C1B820B9A003E70EE /* 20.png in Resources */,
				DBCAABFD1B820B9A003E70EE /* 05.png in Resources */,
				DBCAABEC1B820B9A003E70EE /* NorthAmerica_text_25pixel.png in Resources */,
				DBCAABC91B820B9A003E70EE /* tobae_daruma_direction.png in Resources */,
				DBCAABEB1B820B9A003E70EE /* NorthAmerica_30pixel.png in Resources */,
				DBCAABEE1B820B9A003E70EE /* Oceania_20pixel.png in Resources */,
				DBCAABE91B820B9A003E70EE /* NorthAmerica_20pixel.png in Resources */,
				DBCAABE51B820B9A003E70EE /* NIS_25pixel.png in Resources */,
				DBCAAC0A1B820B9A003E70EE /* 18.png in Resources */,
				DBCAAC0D1B820B9A003E70EE /* 21.png in Resources */,
				DBCAABCD1B820B9A003E70EE /* tobae_daruma_live.png in Resources */,
			);
			runOnlyForDeploymentPostprocessing = 0;
		};
		DBCAA9391B817032003E70EE /* Resources */ = {
			isa = PBXResourcesBuildPhase;
			buildActionMask = 2147483647;
			files = (
			);
			runOnlyForDeploymentPostprocessing = 0;
		};
/* End PBXResourcesBuildPhase section */

/* Begin PBXShellScriptBuildPhase section */
		0839C241CCA47B63A3F0510F /* Copy Pods Resources */ = {
			isa = PBXShellScriptBuildPhase;
			buildActionMask = 2147483647;
			files = (
			);
			inputPaths = (
			);
			name = "Copy Pods Resources";
			outputPaths = (
			);
			runOnlyForDeploymentPostprocessing = 0;
			shellPath = /bin/sh;
			shellScript = "\"${SRCROOT}/Pods/Target Support Files/Pods-Tobae/Pods-Tobae-resources.sh\"\n";
			showEnvVarsInLog = 0;
		};
		B0AA7E3492DBAC6A74227596 /* Check Pods Manifest.lock */ = {
			isa = PBXShellScriptBuildPhase;
			buildActionMask = 2147483647;
			files = (
			);
			inputPaths = (
			);
			name = "Check Pods Manifest.lock";
			outputPaths = (
			);
			runOnlyForDeploymentPostprocessing = 0;
			shellPath = /bin/sh;
			shellScript = "diff \"${PODS_ROOT}/../Podfile.lock\" \"${PODS_ROOT}/Manifest.lock\" > /dev/null\nif [[ $? != 0 ]] ; then\n    cat << EOM\nerror: The sandbox is not in sync with the Podfile.lock. Run 'pod install' or update your CocoaPods installation.\nEOM\n    exit 1\nfi\n";
			showEnvVarsInLog = 0;
		};
/* End PBXShellScriptBuildPhase section */

/* Begin PBXSourcesBuildPhase section */
		DBCAA91B1B817032003E70EE /* Sources */ = {
			isa = PBXSourcesBuildPhase;
			buildActionMask = 2147483647;
			files = (
				DBD8F4181BA51611000CA272 /* WeatherViewController.m in Sources */,
				DBCAA9281B817032003E70EE /* AppDelegate.m in Sources */,
				DBCAA92B1B817032003E70EE /* Tobae.xcdatamodeld in Sources */,
				DBCAA92E1B817032003E70EE /* ViewController.m in Sources */,
				DBCAA9251B817032003E70EE /* main.m in Sources */,
				DBCAAAD51B8170C1003E70EE /* VerticalTableViewCell.m in Sources */,
				DBA71AF91B914E9F001926A5 /* Cell.m in Sources */,
			);
			runOnlyForDeploymentPostprocessing = 0;
		};
		DBCAA9371B817032003E70EE /* Sources */ = {
			isa = PBXSourcesBuildPhase;
			buildActionMask = 2147483647;
			files = (
				DBCAA9421B817032003E70EE /* TobaeTests.m in Sources */,
			);
			runOnlyForDeploymentPostprocessing = 0;
		};
/* End PBXSourcesBuildPhase section */

/* Begin PBXTargetDependency section */
		DBCAA93D1B817032003E70EE /* PBXTargetDependency */ = {
			isa = PBXTargetDependency;
			target = DBCAA91E1B817032003E70EE /* Tobae */;
			targetProxy = DBCAA93C1B817032003E70EE /* PBXContainerItemProxy */;
		};
/* End PBXTargetDependency section */

/* Begin PBXVariantGroup section */
		DBCAA92F1B817032003E70EE /* Main.storyboard */ = {
			isa = PBXVariantGroup;
			children = (
				DBCAA9301B817032003E70EE /* Base */,
			);
			name = Main.storyboard;
			sourceTree = "<group>";
		};
		DBCAA9341B817032003E70EE /* LaunchScreen.xib */ = {
			isa = PBXVariantGroup;
			children = (
				DBCAA9351B817032003E70EE /* Base */,
			);
			name = LaunchScreen.xib;
			sourceTree = "<group>";
		};
/* End PBXVariantGroup section */

/* Begin XCBuildConfiguration section */
		DBCAA9431B817032003E70EE /* Debug */ = {
			isa = XCBuildConfiguration;
			buildSettings = {
				ALWAYS_SEARCH_USER_PATHS = NO;
				CLANG_CXX_LANGUAGE_STANDARD = "gnu++0x";
				CLANG_CXX_LIBRARY = "libc++";
				CLANG_ENABLE_MODULES = YES;
				CLANG_ENABLE_OBJC_ARC = YES;
				CLANG_WARN_BOOL_CONVERSION = YES;
				CLANG_WARN_CONSTANT_CONVERSION = YES;
				CLANG_WARN_DIRECT_OBJC_ISA_USAGE = YES_ERROR;
				CLANG_WARN_EMPTY_BODY = YES;
				CLANG_WARN_ENUM_CONVERSION = YES;
				CLANG_WARN_INT_CONVERSION = YES;
				CLANG_WARN_OBJC_ROOT_CLASS = YES_ERROR;
				CLANG_WARN_UNREACHABLE_CODE = YES;
				CLANG_WARN__DUPLICATE_METHOD_MATCH = YES;
				"CODE_SIGN_IDENTITY[sdk=iphoneos*]" = "iPhone Developer";
				COPY_PHASE_STRIP = NO;
				DEBUG_INFORMATION_FORMAT = "dwarf-with-dsym";
				ENABLE_STRICT_OBJC_MSGSEND = YES;
				GCC_C_LANGUAGE_STANDARD = gnu99;
				GCC_DYNAMIC_NO_PIC = NO;
				GCC_NO_COMMON_BLOCKS = YES;
				GCC_OPTIMIZATION_LEVEL = 0;
				GCC_PREPROCESSOR_DEFINITIONS = (
					"DEBUG=1",
					"$(inherited)",
				);
				GCC_SYMBOLS_PRIVATE_EXTERN = NO;
				GCC_WARN_64_TO_32_BIT_CONVERSION = YES;
				GCC_WARN_ABOUT_RETURN_TYPE = YES_ERROR;
				GCC_WARN_UNDECLARED_SELECTOR = YES;
				GCC_WARN_UNINITIALIZED_AUTOS = YES_AGGRESSIVE;
				GCC_WARN_UNUSED_FUNCTION = YES;
				GCC_WARN_UNUSED_VARIABLE = YES;
				IPHONEOS_DEPLOYMENT_TARGET = 8.4;
				MTL_ENABLE_DEBUG_INFO = YES;
				ONLY_ACTIVE_ARCH = YES;
				SDKROOT = iphoneos;
				TARGETED_DEVICE_FAMILY = "1,2";
			};
			name = Debug;
		};
		DBCAA9441B817032003E70EE /* Release */ = {
			isa = XCBuildConfiguration;
			buildSettings = {
				ALWAYS_SEARCH_USER_PATHS = NO;
				CLANG_CXX_LANGUAGE_STANDARD = "gnu++0x";
				CLANG_CXX_LIBRARY = "libc++";
				CLANG_ENABLE_MODULES = YES;
				CLANG_ENABLE_OBJC_ARC = YES;
				CLANG_WARN_BOOL_CONVERSION = YES;
				CLANG_WARN_CONSTANT_CONVERSION = YES;
				CLANG_WARN_DIRECT_OBJC_ISA_USAGE = YES_ERROR;
				CLANG_WARN_EMPTY_BODY = YES;
				CLANG_WARN_ENUM_CONVERSION = YES;
				CLANG_WARN_INT_CONVERSION = YES;
				CLANG_WARN_OBJC_ROOT_CLASS = YES_ERROR;
				CLANG_WARN_UNREACHABLE_CODE = YES;
				CLANG_WARN__DUPLICATE_METHOD_MATCH = YES;
				"CODE_SIGN_IDENTITY[sdk=iphoneos*]" = "iPhone Developer";
				COPY_PHASE_STRIP = NO;
				DEBUG_INFORMATION_FORMAT = "dwarf-with-dsym";
				ENABLE_NS_ASSERTIONS = NO;
				ENABLE_STRICT_OBJC_MSGSEND = YES;
				GCC_C_LANGUAGE_STANDARD = gnu99;
				GCC_NO_COMMON_BLOCKS = YES;
				GCC_WARN_64_TO_32_BIT_CONVERSION = YES;
				GCC_WARN_ABOUT_RETURN_TYPE = YES_ERROR;
				GCC_WARN_UNDECLARED_SELECTOR = YES;
				GCC_WARN_UNINITIALIZED_AUTOS = YES_AGGRESSIVE;
				GCC_WARN_UNUSED_FUNCTION = YES;
				GCC_WARN_UNUSED_VARIABLE = YES;
				IPHONEOS_DEPLOYMENT_TARGET = 8.4;
				MTL_ENABLE_DEBUG_INFO = NO;
				SDKROOT = iphoneos;
				TARGETED_DEVICE_FAMILY = "1,2";
				VALIDATE_PRODUCT = YES;
			};
			name = Release;
		};
		DBCAA9461B817032003E70EE /* Debug */ = {
			isa = XCBuildConfiguration;
			baseConfigurationReference = D4F83F411521103CC30F7C1A /* Pods-Tobae.debug.xcconfig */;
			buildSettings = {
				ASSETCATALOG_COMPILER_APPICON_NAME = AppIcon;
				INFOPLIST_FILE = Tobae/Info.plist;
				LD_RUNPATH_SEARCH_PATHS = "$(inherited) @executable_path/Frameworks";
				PRODUCT_MODULE_NAME = Tobae;
				PRODUCT_NAME = Tobae;
			};
			name = Debug;
		};
		DBCAA9471B817032003E70EE /* Release */ = {
			isa = XCBuildConfiguration;
			baseConfigurationReference = 9A481211DCE9997EA607A9A6 /* Pods-Tobae.release.xcconfig */;
			buildSettings = {
				ASSETCATALOG_COMPILER_APPICON_NAME = AppIcon;
				INFOPLIST_FILE = Tobae/Info.plist;
				LD_RUNPATH_SEARCH_PATHS = "$(inherited) @executable_path/Frameworks";
				PRODUCT_MODULE_NAME = Tobae;
				PRODUCT_NAME = Tobae;
			};
			name = Release;
		};
		DBCAA9491B817032003E70EE /* Debug */ = {
			isa = XCBuildConfiguration;
			buildSettings = {
				BUNDLE_LOADER = "$(TEST_HOST)";
				FRAMEWORK_SEARCH_PATHS = (
					"$(SDKROOT)/Developer/Library/Frameworks",
					"$(inherited)",
				);
				GCC_PREPROCESSOR_DEFINITIONS = (
					"DEBUG=1",
					"$(inherited)",
				);
				INFOPLIST_FILE = TobaeTests/Info.plist;
				LD_RUNPATH_SEARCH_PATHS = "$(inherited) @executable_path/Frameworks @loader_path/Frameworks";
				PRODUCT_NAME = "$(TARGET_NAME)";
				TEST_HOST = "$(BUILT_PRODUCTS_DIR)/Tobae.app/Tobae";
			};
			name = Debug;
		};
		DBCAA94A1B817032003E70EE /* Release */ = {
			isa = XCBuildConfiguration;
			buildSettings = {
				BUNDLE_LOADER = "$(TEST_HOST)";
				FRAMEWORK_SEARCH_PATHS = (
					"$(SDKROOT)/Developer/Library/Frameworks",
					"$(inherited)",
				);
				INFOPLIST_FILE = TobaeTests/Info.plist;
				LD_RUNPATH_SEARCH_PATHS = "$(inherited) @executable_path/Frameworks @loader_path/Frameworks";
				PRODUCT_NAME = "$(TARGET_NAME)";
				TEST_HOST = "$(BUILT_PRODUCTS_DIR)/Tobae.app/Tobae";
			};
			name = Release;
		};
/* End XCBuildConfiguration section */

/* Begin XCConfigurationList section */
		DBCAA91A1B817032003E70EE /* Build configuration list for PBXProject "Tobae" */ = {
			isa = XCConfigurationList;
			buildConfigurations = (
				DBCAA9431B817032003E70EE /* Debug */,
				DBCAA9441B817032003E70EE /* Release */,
			);
			defaultConfigurationIsVisible = 0;
			defaultConfigurationName = Release;
		};
		DBCAA9451B817032003E70EE /* Build configuration list for PBXNativeTarget "Tobae" */ = {
			isa = XCConfigurationList;
			buildConfigurations = (
				DBCAA9461B817032003E70EE /* Debug */,
				DBCAA9471B817032003E70EE /* Release */,
			);
			defaultConfigurationIsVisible = 0;
			defaultConfigurationName = Release;
		};
		DBCAA9481B817032003E70EE /* Build configuration list for PBXNativeTarget "TobaeTests" */ = {
			isa = XCConfigurationList;
			buildConfigurations = (
				DBCAA9491B817032003E70EE /* Debug */,
				DBCAA94A1B817032003E70EE /* Release */,
			);
			defaultConfigurationIsVisible = 0;
			defaultConfigurationName = Release;
		};
/* End XCConfigurationList section */

/* Begin XCVersionGroup section */
		DBCAA9291B817032003E70EE /* Tobae.xcdatamodeld */ = {
			isa = XCVersionGroup;
			children = (
				DBCAA92A1B817032003E70EE /* Tobae.xcdatamodel */,
			);
			currentVersion = DBCAA92A1B817032003E70EE /* Tobae.xcdatamodel */;
			path = Tobae.xcdatamodeld;
			sourceTree = "<group>";
			versionGroupType = wrapper.xcdatamodel;
		};
/* End XCVersionGroup section */
	};
	rootObject = DBCAA9171B817032003E70EE /* Project object */;
}
